
Microsoft Visual Studio Solution File, Format Version 12.00
# Visual Studio Version 17
VisualStudioVersion = 17.9.34728.123
MinimumVisualStudioVersion = 10.0.40219.1
Project("{9A19103F-16F7-4668-BE54-9A1E7A4F7556}") = "Indexering", "Övningsuppgifter\Indexering.csproj", "{58498DE9-7C8B-469F-8746-ED96222D00B3}"
EndProject
Project("{2150E333-8FDC-42A3-9474-1A3956D46DE8}") = "Variabler", "Variabler", "{97E6D644-FE7E-494B-9316-684BB8390C7E}"
EndProject
Project("{9A19103F-16F7-4668-BE54-9A1E7A4F7556}") = "Variabler", "Variabler\Variabler.csproj", "{32589AB4-C0FD-4723-8961-CB340EF37DB9}"
EndProject
Project("{2150E333-8FDC-42A3-9474-1A3956D46DE8}") = "Loopar", "Loopar", "{43BD7E7B-0D5E-46B6-9989-7DAC40B0A3F8}"
EndProject
Project("{9A19103F-16F7-4668-BE54-9A1E7A4F7556}") = "Loopar", "Loopar\Loopar.csproj", "{FF4974C9-A246-449A-BE9A-FA5B542A1128}"
EndProject
Project("{2150E333-8FDC-42A3-9474-1A3956D46DE8}") = "Indexering", "Indexering", "{2EBF2B86-6D28-4288-B69A-2F403C90EA46}"
EndProject
Project("{2150E333-8FDC-42A3-9474-1A3956D46DE8}") = "Funktioner", "Funktioner", "{DA77A46B-D04C-414F-9A1A-C6ACB7811BA8}"
EndProject
Project("{9A19103F-16F7-4668-BE54-9A1E7A4F7556}") = "Funktioner", "Funktioner\Funktioner.csproj", "{D2111B99-AD84-4DD5-A464-4EE2653AD850}"
EndProject
Project("{2150E333-8FDC-42A3-9474-1A3956D46DE8}") = "Labb1_övningar", "Labb1_övningar", "{75CE8DBA-F333-4E12-87A8-524554D52315}"
EndProject
Project("{9A19103F-16F7-4668-BE54-9A1E7A4F7556}") = "Labb1_övningar", "Labb1_övningar\Labb1_övningar.csproj", "{2DAF6322-552D-40F8-B1CA-22796FE37E8F}"
EndProject
Project("{2150E333-8FDC-42A3-9474-1A3956D46DE8}") = "Klasser och Objekt", "Klasser och Objekt", "{71BD3F70-0E3C-4589-AEA3-D74A3D77CB20}"
EndProject
Project("{9A19103F-16F7-4668-BE54-9A1E7A4F7556}") = "Klasser_och_Objekt", "Klasser_och_Objekt\Klasser_och_Objekt.csproj", "{A4499D8F-EA8B-49C6-A5D6-D7E906CB7857}"
EndProject
Project("{2150E333-8FDC-42A3-9474-1A3956D46DE8}") = "Properties", "Properties", "{5F498658-D009-409A-9EC5-9D85A48077F5}"
EndProject
Project("{9A19103F-16F7-4668-BE54-9A1E7A4F7556}") = "Properties", "Properties\Properties.csproj", "{447CC683-288A-41C7-BD8E-CC2A3E813A3C}"
EndProject
Project("{2150E333-8FDC-42A3-9474-1A3956D46DE8}") = "Arv", "Arv", "{F8CF49D4-E573-4EB3-8600-EBAF016525B8}"
EndProject
Project("{9A19103F-16F7-4668-BE54-9A1E7A4F7556}") = "Arv", "Arv\Arv.csproj", "{F1DDDA50-78CF-4558-ADF8-B73F0D2DA8C6}"
EndProject
Project("{2150E333-8FDC-42A3-9474-1A3956D46DE8}") = "WPF", "WPF", "{69A706ED-71B5-4E95-8607-82B9755E8248}"
EndProject
Project("{2150E333-8FDC-42A3-9474-1A3956D46DE8}") = "XAML", "XAML", "{5685DB5A-99DD-4D29-81A1-E08C28FFDE92}"
EndProject
Project("{9A19103F-16F7-4668-BE54-9A1E7A4F7556}") = "1. Centrerad knapp", "XAML\1. Centrerad knapp.csproj", "{61FE891D-900C-4F04-AE16-3EACE7A61ECD}"
EndProject
Project("{9A19103F-16F7-4668-BE54-9A1E7A4F7556}") = "2. Knappar i hörnen", "2. Knappar i hörnen\2. Knappar i hörnen.csproj", "{4E78EC84-00A4-4280-9A0F-A5E1B8703A2E}"
EndProject
Project("{9A19103F-16F7-4668-BE54-9A1E7A4F7556}") = "3. Tre centrerade knappar", "3. Tre centrerade knappar\3. Tre centrerade knappar.csproj", "{92A6C663-27F2-41A5-803E-19FD8A70B8CF}"
EndProject
Project("{9A19103F-16F7-4668-BE54-9A1E7A4F7556}") = "4. Tre centrerade knappar åt andra hållet!", "4. Tre centrerade knappar åt andra hållet!\4. Tre centrerade knappar åt andra hållet!.csproj", "{C9C03453-AD96-4901-A9F0-0E4D56F732E5}"
EndProject
Project("{9A19103F-16F7-4668-BE54-9A1E7A4F7556}") = "5. Formulär", "5. Formulär\5. Formulär.csproj", "{53C5A1CD-D90D-46A8-A3AB-1E3534CFC76E}"
EndProject
Project("{9A19103F-16F7-4668-BE54-9A1E7A4F7556}") = "6. Siffror i rutnät", "6. Siffror i rutnät\6. Siffror i rutnät.csproj", "{77BE3FE2-7F31-46C0-93FE-1128758581E9}"
EndProject
Project("{9A19103F-16F7-4668-BE54-9A1E7A4F7556}") = "7. Formulär i rutnät", "7. Formulär i rutnät\7. Formulär i rutnät.csproj", "{939F7689-8156-46B7-9F9C-66EA3C35F15C}"
EndProject
Project("{9A19103F-16F7-4668-BE54-9A1E7A4F7556}") = "8. Formulär för studenter", "8. Formulär för studenter\8. Formulär för studenter.csproj", "{03E44476-B366-4470-80B0-FFF7062C3DF6}"
EndProject
Project("{2150E333-8FDC-42A3-9474-1A3956D46DE8}") = "WPF_Kontroller", "WPF_Kontroller", "{95AB44C3-82AE-4EA8-801E-C52703E7A877}"
EndProject
Project("{9A19103F-16F7-4668-BE54-9A1E7A4F7556}") = "1. Klickräknare", "1. Klickräknare\1. Klickräknare.csproj", "{C991D69F-5A2E-4FA6-B095-0BB8B8A2D53B}"
EndProject
Project("{9A19103F-16F7-4668-BE54-9A1E7A4F7556}") = "2. Räkna upp ochy ner i en label", "2. Räkna upp ochy ner i en label\2. Räkna upp ochy ner i en label.csproj", "{46E96391-50EF-4153-934B-96244469B04E}"
EndProject
Project("{9A19103F-16F7-4668-BE54-9A1E7A4F7556}") = "3. Lägg till Slider", "3. Lägg till Slider\3. Lägg till Slider.csproj", "{C8719173-0784-4BD2-9427-16F8A9A61556}"
EndProject
Project("{9A19103F-16F7-4668-BE54-9A1E7A4F7556}") = "4. Label med valbar position", "4. Label med valbar position\4. Label med valbar position.csproj", "{C6327E79-9787-4ADD-96F8-ADB85AC73E53}"
EndProject
Project("{9A19103F-16F7-4668-BE54-9A1E7A4F7556}") = "5. Gemensam slider för position", "5. Gemensam slider för position\5. Gemensam slider för position.csproj", "{AF6268A0-25E8-4124-A19F-8C91D3F7CC8D}"
EndProject
Project("{9A19103F-16F7-4668-BE54-9A1E7A4F7556}") = "6-9. Formulär för studenter", "6. Formulär för studenter\6-9. Formulär för studenter.csproj", "{1BDFE13A-68DD-46F2-B9C0-E38B5C3E50E8}"
EndProject
Project("{2150E333-8FDC-42A3-9474-1A3956D46DE8}") = "Dialogrutor", "Dialogrutor", "{B16F8BC8-FB20-4427-A77E-6E6637A3F59A}"
EndProject
Project("{FAE04EC0-301F-11D3-BF4B-00C04F79EFBC}") = "1. Meddelande vid uppstart", "1. Meddelande vid uppstart\1. Meddelande vid uppstart.csproj", "{7912323C-7988-4F1A-96F7-F4985BB8FE09}"
EndProject
Project("{FAE04EC0-301F-11D3-BF4B-00C04F79EFBC}") = "2. Fråga vid avslut", "2. Fråga vid avslut\2. Fråga vid avslut.csproj", "{40560140-458E-4CAA-A499-EA95A8381630}"
EndProject
Project("{FAE04EC0-301F-11D3-BF4B-00C04F79EFBC}") = "3. App för att öppna och visa textfiler", "3. App för att öppna och visa textfiler\3. App för att öppna och visa textfiler.csproj", "{03BF7ADB-5E06-4DA5-9922-8FFACF821DB0}"
EndProject
Global
	GlobalSection(SolutionConfigurationPlatforms) = preSolution
		Debug|Any CPU = Debug|Any CPU
		Release|Any CPU = Release|Any CPU
	EndGlobalSection
	GlobalSection(ProjectConfigurationPlatforms) = postSolution
		{58498DE9-7C8B-469F-8746-ED96222D00B3}.Debug|Any CPU.ActiveCfg = Debug|Any CPU
		{58498DE9-7C8B-469F-8746-ED96222D00B3}.Debug|Any CPU.Build.0 = Debug|Any CPU
		{58498DE9-7C8B-469F-8746-ED96222D00B3}.Release|Any CPU.ActiveCfg = Release|Any CPU
		{58498DE9-7C8B-469F-8746-ED96222D00B3}.Release|Any CPU.Build.0 = Release|Any CPU
		{32589AB4-C0FD-4723-8961-CB340EF37DB9}.Debug|Any CPU.ActiveCfg = Debug|Any CPU
		{32589AB4-C0FD-4723-8961-CB340EF37DB9}.Debug|Any CPU.Build.0 = Debug|Any CPU
		{32589AB4-C0FD-4723-8961-CB340EF37DB9}.Release|Any CPU.ActiveCfg = Release|Any CPU
		{32589AB4-C0FD-4723-8961-CB340EF37DB9}.Release|Any CPU.Build.0 = Release|Any CPU
		{FF4974C9-A246-449A-BE9A-FA5B542A1128}.Debug|Any CPU.ActiveCfg = Debug|Any CPU
		{FF4974C9-A246-449A-BE9A-FA5B542A1128}.Debug|Any CPU.Build.0 = Debug|Any CPU
		{FF4974C9-A246-449A-BE9A-FA5B542A1128}.Release|Any CPU.ActiveCfg = Release|Any CPU
		{FF4974C9-A246-449A-BE9A-FA5B542A1128}.Release|Any CPU.Build.0 = Release|Any CPU
		{D2111B99-AD84-4DD5-A464-4EE2653AD850}.Debug|Any CPU.ActiveCfg = Debug|Any CPU
		{D2111B99-AD84-4DD5-A464-4EE2653AD850}.Debug|Any CPU.Build.0 = Debug|Any CPU
		{D2111B99-AD84-4DD5-A464-4EE2653AD850}.Release|Any CPU.ActiveCfg = Release|Any CPU
		{D2111B99-AD84-4DD5-A464-4EE2653AD850}.Release|Any CPU.Build.0 = Release|Any CPU
		{2DAF6322-552D-40F8-B1CA-22796FE37E8F}.Debug|Any CPU.ActiveCfg = Debug|Any CPU
		{2DAF6322-552D-40F8-B1CA-22796FE37E8F}.Debug|Any CPU.Build.0 = Debug|Any CPU
		{2DAF6322-552D-40F8-B1CA-22796FE37E8F}.Release|Any CPU.ActiveCfg = Release|Any CPU
		{2DAF6322-552D-40F8-B1CA-22796FE37E8F}.Release|Any CPU.Build.0 = Release|Any CPU
		{A4499D8F-EA8B-49C6-A5D6-D7E906CB7857}.Debug|Any CPU.ActiveCfg = Debug|Any CPU
		{A4499D8F-EA8B-49C6-A5D6-D7E906CB7857}.Debug|Any CPU.Build.0 = Debug|Any CPU
		{A4499D8F-EA8B-49C6-A5D6-D7E906CB7857}.Release|Any CPU.ActiveCfg = Release|Any CPU
		{A4499D8F-EA8B-49C6-A5D6-D7E906CB7857}.Release|Any CPU.Build.0 = Release|Any CPU
		{447CC683-288A-41C7-BD8E-CC2A3E813A3C}.Debug|Any CPU.ActiveCfg = Debug|Any CPU
		{447CC683-288A-41C7-BD8E-CC2A3E813A3C}.Debug|Any CPU.Build.0 = Debug|Any CPU
		{447CC683-288A-41C7-BD8E-CC2A3E813A3C}.Release|Any CPU.ActiveCfg = Release|Any CPU
		{447CC683-288A-41C7-BD8E-CC2A3E813A3C}.Release|Any CPU.Build.0 = Release|Any CPU
		{F1DDDA50-78CF-4558-ADF8-B73F0D2DA8C6}.Debug|Any CPU.ActiveCfg = Debug|Any CPU
		{F1DDDA50-78CF-4558-ADF8-B73F0D2DA8C6}.Debug|Any CPU.Build.0 = Debug|Any CPU
		{F1DDDA50-78CF-4558-ADF8-B73F0D2DA8C6}.Release|Any CPU.ActiveCfg = Release|Any CPU
		{F1DDDA50-78CF-4558-ADF8-B73F0D2DA8C6}.Release|Any CPU.Build.0 = Release|Any CPU
		{61FE891D-900C-4F04-AE16-3EACE7A61ECD}.Debug|Any CPU.ActiveCfg = Debug|Any CPU
		{61FE891D-900C-4F04-AE16-3EACE7A61ECD}.Debug|Any CPU.Build.0 = Debug|Any CPU
		{61FE891D-900C-4F04-AE16-3EACE7A61ECD}.Release|Any CPU.ActiveCfg = Release|Any CPU
		{61FE891D-900C-4F04-AE16-3EACE7A61ECD}.Release|Any CPU.Build.0 = Release|Any CPU
		{4E78EC84-00A4-4280-9A0F-A5E1B8703A2E}.Debug|Any CPU.ActiveCfg = Debug|Any CPU
		{4E78EC84-00A4-4280-9A0F-A5E1B8703A2E}.Debug|Any CPU.Build.0 = Debug|Any CPU
		{4E78EC84-00A4-4280-9A0F-A5E1B8703A2E}.Release|Any CPU.ActiveCfg = Release|Any CPU
		{4E78EC84-00A4-4280-9A0F-A5E1B8703A2E}.Release|Any CPU.Build.0 = Release|Any CPU
		{92A6C663-27F2-41A5-803E-19FD8A70B8CF}.Debug|Any CPU.ActiveCfg = Debug|Any CPU
		{92A6C663-27F2-41A5-803E-19FD8A70B8CF}.Debug|Any CPU.Build.0 = Debug|Any CPU
		{92A6C663-27F2-41A5-803E-19FD8A70B8CF}.Release|Any CPU.ActiveCfg = Release|Any CPU
		{92A6C663-27F2-41A5-803E-19FD8A70B8CF}.Release|Any CPU.Build.0 = Release|Any CPU
		{C9C03453-AD96-4901-A9F0-0E4D56F732E5}.Debug|Any CPU.ActiveCfg = Debug|Any CPU
		{C9C03453-AD96-4901-A9F0-0E4D56F732E5}.Debug|Any CPU.Build.0 = Debug|Any CPU
		{C9C03453-AD96-4901-A9F0-0E4D56F732E5}.Release|Any CPU.ActiveCfg = Release|Any CPU
		{C9C03453-AD96-4901-A9F0-0E4D56F732E5}.Release|Any CPU.Build.0 = Release|Any CPU
		{53C5A1CD-D90D-46A8-A3AB-1E3534CFC76E}.Debug|Any CPU.ActiveCfg = Debug|Any CPU
		{53C5A1CD-D90D-46A8-A3AB-1E3534CFC76E}.Debug|Any CPU.Build.0 = Debug|Any CPU
		{53C5A1CD-D90D-46A8-A3AB-1E3534CFC76E}.Release|Any CPU.ActiveCfg = Release|Any CPU
		{53C5A1CD-D90D-46A8-A3AB-1E3534CFC76E}.Release|Any CPU.Build.0 = Release|Any CPU
		{77BE3FE2-7F31-46C0-93FE-1128758581E9}.Debug|Any CPU.ActiveCfg = Debug|Any CPU
		{77BE3FE2-7F31-46C0-93FE-1128758581E9}.Debug|Any CPU.Build.0 = Debug|Any CPU
		{77BE3FE2-7F31-46C0-93FE-1128758581E9}.Release|Any CPU.ActiveCfg = Release|Any CPU
		{77BE3FE2-7F31-46C0-93FE-1128758581E9}.Release|Any CPU.Build.0 = Release|Any CPU
		{939F7689-8156-46B7-9F9C-66EA3C35F15C}.Debug|Any CPU.ActiveCfg = Debug|Any CPU
		{939F7689-8156-46B7-9F9C-66EA3C35F15C}.Debug|Any CPU.Build.0 = Debug|Any CPU
		{939F7689-8156-46B7-9F9C-66EA3C35F15C}.Release|Any CPU.ActiveCfg = Release|Any CPU
		{939F7689-8156-46B7-9F9C-66EA3C35F15C}.Release|Any CPU.Build.0 = Release|Any CPU
		{03E44476-B366-4470-80B0-FFF7062C3DF6}.Debug|Any CPU.ActiveCfg = Debug|Any CPU
		{03E44476-B366-4470-80B0-FFF7062C3DF6}.Debug|Any CPU.Build.0 = Debug|Any CPU
		{03E44476-B366-4470-80B0-FFF7062C3DF6}.Release|Any CPU.ActiveCfg = Release|Any CPU
		{03E44476-B366-4470-80B0-FFF7062C3DF6}.Release|Any CPU.Build.0 = Release|Any CPU
		{C991D69F-5A2E-4FA6-B095-0BB8B8A2D53B}.Debug|Any CPU.ActiveCfg = Debug|Any CPU
		{C991D69F-5A2E-4FA6-B095-0BB8B8A2D53B}.Debug|Any CPU.Build.0 = Debug|Any CPU
		{C991D69F-5A2E-4FA6-B095-0BB8B8A2D53B}.Release|Any CPU.ActiveCfg = Release|Any CPU
		{C991D69F-5A2E-4FA6-B095-0BB8B8A2D53B}.Release|Any CPU.Build.0 = Release|Any CPU
		{46E96391-50EF-4153-934B-96244469B04E}.Debug|Any CPU.ActiveCfg = Debug|Any CPU
		{46E96391-50EF-4153-934B-96244469B04E}.Debug|Any CPU.Build.0 = Debug|Any CPU
		{46E96391-50EF-4153-934B-96244469B04E}.Release|Any CPU.ActiveCfg = Release|Any CPU
		{46E96391-50EF-4153-934B-96244469B04E}.Release|Any CPU.Build.0 = Release|Any CPU
		{C8719173-0784-4BD2-9427-16F8A9A61556}.Debug|Any CPU.ActiveCfg = Debug|Any CPU
		{C8719173-0784-4BD2-9427-16F8A9A61556}.Debug|Any CPU.Build.0 = Debug|Any CPU
		{C8719173-0784-4BD2-9427-16F8A9A61556}.Release|Any CPU.ActiveCfg = Release|Any CPU
		{C8719173-0784-4BD2-9427-16F8A9A61556}.Release|Any CPU.Build.0 = Release|Any CPU
		{C6327E79-9787-4ADD-96F8-ADB85AC73E53}.Debug|Any CPU.ActiveCfg = Debug|Any CPU
		{C6327E79-9787-4ADD-96F8-ADB85AC73E53}.Debug|Any CPU.Build.0 = Debug|Any CPU
		{C6327E79-9787-4ADD-96F8-ADB85AC73E53}.Release|Any CPU.ActiveCfg = Release|Any CPU
		{C6327E79-9787-4ADD-96F8-ADB85AC73E53}.Release|Any CPU.Build.0 = Release|Any CPU
		{AF6268A0-25E8-4124-A19F-8C91D3F7CC8D}.Debug|Any CPU.ActiveCfg = Debug|Any CPU
		{AF6268A0-25E8-4124-A19F-8C91D3F7CC8D}.Debug|Any CPU.Build.0 = Debug|Any CPU
		{AF6268A0-25E8-4124-A19F-8C91D3F7CC8D}.Release|Any CPU.ActiveCfg = Release|Any CPU
		{AF6268A0-25E8-4124-A19F-8C91D3F7CC8D}.Release|Any CPU.Build.0 = Release|Any CPU
		{1BDFE13A-68DD-46F2-B9C0-E38B5C3E50E8}.Debug|Any CPU.ActiveCfg = Debug|Any CPU
		{1BDFE13A-68DD-46F2-B9C0-E38B5C3E50E8}.Debug|Any CPU.Build.0 = Debug|Any CPU
		{1BDFE13A-68DD-46F2-B9C0-E38B5C3E50E8}.Release|Any CPU.ActiveCfg = Release|Any CPU
		{1BDFE13A-68DD-46F2-B9C0-E38B5C3E50E8}.Release|Any CPU.Build.0 = Release|Any CPU
		{7912323C-7988-4F1A-96F7-F4985BB8FE09}.Debug|Any CPU.ActiveCfg = Debug|Any CPU
		{7912323C-7988-4F1A-96F7-F4985BB8FE09}.Debug|Any CPU.Build.0 = Debug|Any CPU
		{7912323C-7988-4F1A-96F7-F4985BB8FE09}.Release|Any CPU.ActiveCfg = Release|Any CPU
		{7912323C-7988-4F1A-96F7-F4985BB8FE09}.Release|Any CPU.Build.0 = Release|Any CPU
		{40560140-458E-4CAA-A499-EA95A8381630}.Debug|Any CPU.ActiveCfg = Debug|Any CPU
		{40560140-458E-4CAA-A499-EA95A8381630}.Debug|Any CPU.Build.0 = Debug|Any CPU
		{40560140-458E-4CAA-A499-EA95A8381630}.Release|Any CPU.ActiveCfg = Release|Any CPU
		{40560140-458E-4CAA-A499-EA95A8381630}.Release|Any CPU.Build.0 = Release|Any CPU
		{03BF7ADB-5E06-4DA5-9922-8FFACF821DB0}.Debug|Any CPU.ActiveCfg = Debug|Any CPU
		{03BF7ADB-5E06-4DA5-9922-8FFACF821DB0}.Debug|Any CPU.Build.0 = Debug|Any CPU
		{03BF7ADB-5E06-4DA5-9922-8FFACF821DB0}.Release|Any CPU.ActiveCfg = Release|Any CPU
		{03BF7ADB-5E06-4DA5-9922-8FFACF821DB0}.Release|Any CPU.Build.0 = Release|Any CPU
	EndGlobalSection
	GlobalSection(SolutionProperties) = preSolution
		HideSolutionNode = FALSE
	EndGlobalSection
	GlobalSection(NestedProjects) = preSolution
		{58498DE9-7C8B-469F-8746-ED96222D00B3} = {2EBF2B86-6D28-4288-B69A-2F403C90EA46}
		{32589AB4-C0FD-4723-8961-CB340EF37DB9} = {97E6D644-FE7E-494B-9316-684BB8390C7E}
		{FF4974C9-A246-449A-BE9A-FA5B542A1128} = {43BD7E7B-0D5E-46B6-9989-7DAC40B0A3F8}
		{D2111B99-AD84-4DD5-A464-4EE2653AD850} = {DA77A46B-D04C-414F-9A1A-C6ACB7811BA8}
		{2DAF6322-552D-40F8-B1CA-22796FE37E8F} = {75CE8DBA-F333-4E12-87A8-524554D52315}
		{A4499D8F-EA8B-49C6-A5D6-D7E906CB7857} = {71BD3F70-0E3C-4589-AEA3-D74A3D77CB20}
		{447CC683-288A-41C7-BD8E-CC2A3E813A3C} = {5F498658-D009-409A-9EC5-9D85A48077F5}
		{F1DDDA50-78CF-4558-ADF8-B73F0D2DA8C6} = {F8CF49D4-E573-4EB3-8600-EBAF016525B8}
		{5685DB5A-99DD-4D29-81A1-E08C28FFDE92} = {69A706ED-71B5-4E95-8607-82B9755E8248}
		{61FE891D-900C-4F04-AE16-3EACE7A61ECD} = {5685DB5A-99DD-4D29-81A1-E08C28FFDE92}
		{4E78EC84-00A4-4280-9A0F-A5E1B8703A2E} = {5685DB5A-99DD-4D29-81A1-E08C28FFDE92}
		{92A6C663-27F2-41A5-803E-19FD8A70B8CF} = {5685DB5A-99DD-4D29-81A1-E08C28FFDE92}
		{C9C03453-AD96-4901-A9F0-0E4D56F732E5} = {5685DB5A-99DD-4D29-81A1-E08C28FFDE92}
		{53C5A1CD-D90D-46A8-A3AB-1E3534CFC76E} = {5685DB5A-99DD-4D29-81A1-E08C28FFDE92}
		{77BE3FE2-7F31-46C0-93FE-1128758581E9} = {5685DB5A-99DD-4D29-81A1-E08C28FFDE92}
		{939F7689-8156-46B7-9F9C-66EA3C35F15C} = {5685DB5A-99DD-4D29-81A1-E08C28FFDE92}
		{03E44476-B366-4470-80B0-FFF7062C3DF6} = {5685DB5A-99DD-4D29-81A1-E08C28FFDE92}
		{95AB44C3-82AE-4EA8-801E-C52703E7A877} = {69A706ED-71B5-4E95-8607-82B9755E8248}
		{C991D69F-5A2E-4FA6-B095-0BB8B8A2D53B} = {95AB44C3-82AE-4EA8-801E-C52703E7A877}
		{46E96391-50EF-4153-934B-96244469B04E} = {95AB44C3-82AE-4EA8-801E-C52703E7A877}
		{C8719173-0784-4BD2-9427-16F8A9A61556} = {95AB44C3-82AE-4EA8-801E-C52703E7A877}
		{C6327E79-9787-4ADD-96F8-ADB85AC73E53} = {95AB44C3-82AE-4EA8-801E-C52703E7A877}
		{AF6268A0-25E8-4124-A19F-8C91D3F7CC8D} = {95AB44C3-82AE-4EA8-801E-C52703E7A877}
		{1BDFE13A-68DD-46F2-B9C0-E38B5C3E50E8} = {95AB44C3-82AE-4EA8-801E-C52703E7A877}
		{B16F8BC8-FB20-4427-A77E-6E6637A3F59A} = {69A706ED-71B5-4E95-8607-82B9755E8248}
		{7912323C-7988-4F1A-96F7-F4985BB8FE09} = {B16F8BC8-FB20-4427-A77E-6E6637A3F59A}
		{40560140-458E-4CAA-A499-EA95A8381630} = {B16F8BC8-FB20-4427-A77E-6E6637A3F59A}
		{03BF7ADB-5E06-4DA5-9922-8FFACF821DB0} = {B16F8BC8-FB20-4427-A77E-6E6637A3F59A}
	EndGlobalSection
	GlobalSection(ExtensibilityGlobals) = postSolution
		SolutionGuid = {867A7F58-2E0A-4A3F-9589-C76CFC0992F5}
	EndGlobalSection
EndGlobal
