
Microsoft Visual Studio Solution File, Format Version 12.00
# Visual Studio Version 17
VisualStudioVersion = 17.9.34728.123
MinimumVisualStudioVersion = 10.0.40219.1
Project("{9A19103F-16F7-4668-BE54-9A1E7A4F7556}") = "Indexering", "Övningsuppgifter\Indexering.csproj", "{58498DE9-7C8B-469F-8746-ED96222D00B3}"
EndProject
Project("{2150E333-8FDC-42A3-9474-1A3956D46DE8}") = "Variabler", "Variabler", "{97E6D644-FE7E-494B-9316-684BB8390C7E}"
EndProject
Project("{9A19103F-16F7-4668-BE54-9A1E7A4F7556}") = "Variabler", "Variabler\Variabler.csproj", "{32589AB4-C0FD-4723-8961-CB340EF37DB9}"
EndProject
Project("{2150E333-8FDC-42A3-9474-1A3956D46DE8}") = "Loopar", "Loopar", "{43BD7E7B-0D5E-46B6-9989-7DAC40B0A3F8}"
EndProject
Project("{9A19103F-16F7-4668-BE54-9A1E7A4F7556}") = "Loopar", "Loopar\Loopar.csproj", "{FF4974C9-A246-449A-BE9A-FA5B542A1128}"
EndProject
Project("{2150E333-8FDC-42A3-9474-1A3956D46DE8}") = "Indexering", "Indexering", "{2EBF2B86-6D28-4288-B69A-2F403C90EA46}"
EndProject
Project("{2150E333-8FDC-42A3-9474-1A3956D46DE8}") = "Funktioner", "Funktioner", "{DA77A46B-D04C-414F-9A1A-C6ACB7811BA8}"
EndProject
Project("{9A19103F-16F7-4668-BE54-9A1E7A4F7556}") = "Funktioner", "Funktioner\Funktioner.csproj", "{D2111B99-AD84-4DD5-A464-4EE2653AD850}"
EndProject
Project("{2150E333-8FDC-42A3-9474-1A3956D46DE8}") = "Labb1_övningar", "Labb1_övningar", "{75CE8DBA-F333-4E12-87A8-524554D52315}"
EndProject
Project("{9A19103F-16F7-4668-BE54-9A1E7A4F7556}") = "Labb1_övningar", "Labb1_övningar\Labb1_övningar.csproj", "{2DAF6322-552D-40F8-B1CA-22796FE37E8F}"
EndProject
Project("{2150E333-8FDC-42A3-9474-1A3956D46DE8}") = "Klasser och Objekt", "Klasser och Objekt", "{71BD3F70-0E3C-4589-AEA3-D74A3D77CB20}"
EndProject
Project("{9A19103F-16F7-4668-BE54-9A1E7A4F7556}") = "Klasser_och_Objekt", "Klasser_och_Objekt\Klasser_och_Objekt.csproj", "{A4499D8F-EA8B-49C6-A5D6-D7E906CB7857}"
EndProject
Project("{2150E333-8FDC-42A3-9474-1A3956D46DE8}") = "Properties", "Properties", "{5F498658-D009-409A-9EC5-9D85A48077F5}"
EndProject
Project("{FAE04EC0-301F-11D3-BF4B-00C04F79EFBC}") = "Properties", "Properties\Properties.csproj", "{447CC683-288A-41C7-BD8E-CC2A3E813A3C}"
EndProject
Global
	GlobalSection(SolutionConfigurationPlatforms) = preSolution
		Debug|Any CPU = Debug|Any CPU
		Release|Any CPU = Release|Any CPU
	EndGlobalSection
	GlobalSection(ProjectConfigurationPlatforms) = postSolution
		{58498DE9-7C8B-469F-8746-ED96222D00B3}.Debug|Any CPU.ActiveCfg = Debug|Any CPU
		{58498DE9-7C8B-469F-8746-ED96222D00B3}.Debug|Any CPU.Build.0 = Debug|Any CPU
		{58498DE9-7C8B-469F-8746-ED96222D00B3}.Release|Any CPU.ActiveCfg = Release|Any CPU
		{58498DE9-7C8B-469F-8746-ED96222D00B3}.Release|Any CPU.Build.0 = Release|Any CPU
		{32589AB4-C0FD-4723-8961-CB340EF37DB9}.Debug|Any CPU.ActiveCfg = Debug|Any CPU
		{32589AB4-C0FD-4723-8961-CB340EF37DB9}.Debug|Any CPU.Build.0 = Debug|Any CPU
		{32589AB4-C0FD-4723-8961-CB340EF37DB9}.Release|Any CPU.ActiveCfg = Release|Any CPU
		{32589AB4-C0FD-4723-8961-CB340EF37DB9}.Release|Any CPU.Build.0 = Release|Any CPU
		{FF4974C9-A246-449A-BE9A-FA5B542A1128}.Debug|Any CPU.ActiveCfg = Debug|Any CPU
		{FF4974C9-A246-449A-BE9A-FA5B542A1128}.Debug|Any CPU.Build.0 = Debug|Any CPU
		{FF4974C9-A246-449A-BE9A-FA5B542A1128}.Release|Any CPU.ActiveCfg = Release|Any CPU
		{FF4974C9-A246-449A-BE9A-FA5B542A1128}.Release|Any CPU.Build.0 = Release|Any CPU
		{D2111B99-AD84-4DD5-A464-4EE2653AD850}.Debug|Any CPU.ActiveCfg = Debug|Any CPU
		{D2111B99-AD84-4DD5-A464-4EE2653AD850}.Debug|Any CPU.Build.0 = Debug|Any CPU
		{D2111B99-AD84-4DD5-A464-4EE2653AD850}.Release|Any CPU.ActiveCfg = Release|Any CPU
		{D2111B99-AD84-4DD5-A464-4EE2653AD850}.Release|Any CPU.Build.0 = Release|Any CPU
		{2DAF6322-552D-40F8-B1CA-22796FE37E8F}.Debug|Any CPU.ActiveCfg = Debug|Any CPU
		{2DAF6322-552D-40F8-B1CA-22796FE37E8F}.Debug|Any CPU.Build.0 = Debug|Any CPU
		{2DAF6322-552D-40F8-B1CA-22796FE37E8F}.Release|Any CPU.ActiveCfg = Release|Any CPU
		{2DAF6322-552D-40F8-B1CA-22796FE37E8F}.Release|Any CPU.Build.0 = Release|Any CPU
		{A4499D8F-EA8B-49C6-A5D6-D7E906CB7857}.Debug|Any CPU.ActiveCfg = Debug|Any CPU
		{A4499D8F-EA8B-49C6-A5D6-D7E906CB7857}.Debug|Any CPU.Build.0 = Debug|Any CPU
		{A4499D8F-EA8B-49C6-A5D6-D7E906CB7857}.Release|Any CPU.ActiveCfg = Release|Any CPU
		{A4499D8F-EA8B-49C6-A5D6-D7E906CB7857}.Release|Any CPU.Build.0 = Release|Any CPU
		{447CC683-288A-41C7-BD8E-CC2A3E813A3C}.Debug|Any CPU.ActiveCfg = Debug|Any CPU
		{447CC683-288A-41C7-BD8E-CC2A3E813A3C}.Debug|Any CPU.Build.0 = Debug|Any CPU
		{447CC683-288A-41C7-BD8E-CC2A3E813A3C}.Release|Any CPU.ActiveCfg = Release|Any CPU
		{447CC683-288A-41C7-BD8E-CC2A3E813A3C}.Release|Any CPU.Build.0 = Release|Any CPU
	EndGlobalSection
	GlobalSection(SolutionProperties) = preSolution
		HideSolutionNode = FALSE
	EndGlobalSection
	GlobalSection(NestedProjects) = preSolution
		{58498DE9-7C8B-469F-8746-ED96222D00B3} = {2EBF2B86-6D28-4288-B69A-2F403C90EA46}
		{32589AB4-C0FD-4723-8961-CB340EF37DB9} = {97E6D644-FE7E-494B-9316-684BB8390C7E}
		{FF4974C9-A246-449A-BE9A-FA5B542A1128} = {43BD7E7B-0D5E-46B6-9989-7DAC40B0A3F8}
		{D2111B99-AD84-4DD5-A464-4EE2653AD850} = {DA77A46B-D04C-414F-9A1A-C6ACB7811BA8}
		{2DAF6322-552D-40F8-B1CA-22796FE37E8F} = {75CE8DBA-F333-4E12-87A8-524554D52315}
		{A4499D8F-EA8B-49C6-A5D6-D7E906CB7857} = {71BD3F70-0E3C-4589-AEA3-D74A3D77CB20}
		{447CC683-288A-41C7-BD8E-CC2A3E813A3C} = {5F498658-D009-409A-9EC5-9D85A48077F5}
	EndGlobalSection
	GlobalSection(ExtensibilityGlobals) = postSolution
		SolutionGuid = {867A7F58-2E0A-4A3F-9589-C76CFC0992F5}
	EndGlobalSection
EndGlobal
